PODS:
  - CodableWrapper (1.0.3)

DEPENDENCIES:
  - CodableWrapper (from `./CodableWrapper`)

EXTERNAL SOURCES:
  CodableWrapper:
    :path: "./CodableWrapper"

SPEC CHECKSUMS:
  CodableWrapper: b2af2c7f3757ad778fadcfb2493a8656b89c6053

PODFILE CHECKSUM: a98011a756e568a58844385db9e795bcb5800eac

COCOAPODS: 1.12.1
