// !$*UTF8*$!
{
	archiveVersion = 1;
	classes = {
	};
	objectVersion = 51;
	objects = {

/* Begin PBXBuildFile section */
		40F0E8322716861800CA27C5 /* main.swift in Sources */ = {isa = PBXBuildFile; fileRef = 40F0E8312716861800CA27C5 /* main.swift */; };
		40F0E8422716865400CA27C5 /* CodableWrapper.framework in Frameworks */ = {isa = PBXBuildFile; fileRef = 40F0E83E2716864F00CA27C5 /* CodableWrapper.framework */; };
		40F0E8432716865400CA27C5 /* CodableWrapper.framework in Embed Frameworks */ = {isa = PBXBuildFile; fileRef = 40F0E83E2716864F00CA27C5 /* CodableWrapper.framework */; settings = {ATTRIBUTES = (CodeSignOnCopy, RemoveHeadersOnCopy, ); }; };
/* End PBXBuildFile section */

/* Begin PBXContainerItemProxy section */
		40F0E83D2716864F00CA27C5 /* PBXContainerItemProxy */ = {
			isa = PBXContainerItemProxy;
			containerPortal = 40F0E8382716864F00CA27C5 /* CodableWrapper.xcodeproj */;
			proxyType = 2;
			remoteGlobalIDString = 40D7C4D824C05415004522F7;
			remoteInfo = CodableWrapper;
		};
		40F0E83F2716864F00CA27C5 /* PBXContainerItemProxy */ = {
			isa = PBXContainerItemProxy;
			containerPortal = 40F0E8382716864F00CA27C5 /* CodableWrapper.xcodeproj */;
			proxyType = 2;
			remoteGlobalIDString = 40D7C4CA24C05401004522F7;
			remoteInfo = CodableWrapperTest;
		};
/* End PBXContainerItemProxy section */

/* Begin PBXCopyFilesBuildPhase section */
		40F0E82C2716861800CA27C5 /* CopyFiles */ = {
			isa = PBXCopyFilesBuildPhase;
			buildActionMask = 2147483647;
			dstPath = /usr/share/man/man1/;
			dstSubfolderSpec = 0;
			files = (
			);
			runOnlyForDeploymentPostprocessing = 1;
		};
		40F0E8442716865400CA27C5 /* Embed Frameworks */ = {
			isa = PBXCopyFilesBuildPhase;
			buildActionMask = 2147483647;
			dstPath = "";
			dstSubfolderSpec = 10;
			files = (
				40F0E8432716865400CA27C5 /* CodableWrapper.framework in Embed Frameworks */,
			);
			name = "Embed Frameworks";
			runOnlyForDeploymentPostprocessing = 0;
		};
/* End PBXCopyFilesBuildPhase section */

/* Begin PBXFileReference section */
		40F0E82E2716861800CA27C5 /* CodableWrapperPlayground */ = {isa = PBXFileReference; explicitFileType = "compiled.mach-o.executable"; includeInIndex = 0; path = CodableWrapperPlayground; sourceTree = BUILT_PRODUCTS_DIR; };
		40F0E8312716861800CA27C5 /* main.swift */ = {isa = PBXFileReference; lastKnownFileType = sourcecode.swift; path = main.swift; sourceTree = "<group>"; };
		40F0E8382716864F00CA27C5 /* CodableWrapper.xcodeproj */ = {isa = PBXFileReference; lastKnownFileType = "wrapper.pb-project"; name = CodableWrapper.xcodeproj; path = ../CodableWrapper.xcodeproj; sourceTree = "<group>"; };
		40F0E8462716870600CA27C5 /* Example.playground */ = {isa = PBXFileReference; lastKnownFileType = file.playground; path = Example.playground; sourceTree = "<group>"; };
/* End PBXFileReference section */

/* Begin PBXFrameworksBuildPhase section */
		40F0E82B2716861800CA27C5 /* Frameworks */ = {
			isa = PBXFrameworksBuildPhase;
			buildActionMask = 2147483647;
			files = (
				40F0E8422716865400CA27C5 /* CodableWrapper.framework in Frameworks */,
			);
			runOnlyForDeploymentPostprocessing = 0;
		};
/* End PBXFrameworksBuildPhase section */

/* Begin PBXGroup section */
		40F0E8252716861800CA27C5 = {
			isa = PBXGroup;
			children = (
				40F0E8382716864F00CA27C5 /* CodableWrapper.xcodeproj */,
				40F0E8302716861800CA27C5 /* CodableWrapperPlayground */,
				40F0E82F2716861800CA27C5 /* Products */,
				40F0E8412716865400CA27C5 /* Frameworks */,
			);
			sourceTree = "<group>";
		};
		40F0E82F2716861800CA27C5 /* Products */ = {
			isa = PBXGroup;
			children = (
				40F0E82E2716861800CA27C5 /* CodableWrapperPlayground */,
			);
			name = Products;
			sourceTree = "<group>";
		};
		40F0E8302716861800CA27C5 /* CodableWrapperPlayground */ = {
			isa = PBXGroup;
			children = (
				40F0E8462716870600CA27C5 /* Example.playground */,
				40F0E8312716861800CA27C5 /* main.swift */,
			);
			path = CodableWrapperPlayground;
			sourceTree = "<group>";
		};
		40F0E8392716864F00CA27C5 /* Products */ = {
			isa = PBXGroup;
			children = (
				40F0E83E2716864F00CA27C5 /* CodableWrapper.framework */,
				40F0E8402716864F00CA27C5 /* CodableWrapperTest.xctest */,
			);
			name = Products;
			sourceTree = "<group>";
		};
		40F0E8412716865400CA27C5 /* Frameworks */ = {
			isa = PBXGroup;
			children = (
			);
			name = Frameworks;
			sourceTree = "<group>";
		};
/* End PBXGroup section */

/* Begin PBXNativeTarget section */
		40F0E82D2716861800CA27C5 /* CodableWrapperPlayground */ = {
			isa = PBXNativeTarget;
			buildConfigurationList = 40F0E8352716861800CA27C5 /* Build configuration list for PBXNativeTarget "CodableWrapperPlayground" */;
			buildPhases = (
				40F0E82A2716861800CA27C5 /* Sources */,
				40F0E82B2716861800CA27C5 /* Frameworks */,
				40F0E82C2716861800CA27C5 /* CopyFiles */,
				40F0E8442716865400CA27C5 /* Embed Frameworks */,
			);
			buildRules = (
			);
			dependencies = (
			);
			name = CodableWrapperPlayground;
			productName = CodableWrapperPlayground;
			productReference = 40F0E82E2716861800CA27C5 /* CodableWrapperPlayground */;
			productType = "com.apple.product-type.tool";
		};
/* End PBXNativeTarget section */

/* Begin PBXProject section */
		40F0E8262716861800CA27C5 /* Project object */ = {
			isa = PBXProject;
			attributes = {
				BuildIndependentTargetsInParallel = 1;
				LastSwiftUpdateCheck = 1300;
				LastUpgradeCheck = 1300;
				TargetAttributes = {
					40F0E82D2716861800CA27C5 = {
						CreatedOnToolsVersion = 13.0;
					};
				};
			};
			buildConfigurationList = 40F0E8292716861800CA27C5 /* Build configuration list for PBXProject "CodableWrapperPlayground" */;
			compatibilityVersion = "Xcode 13.0";
			developmentRegion = en;
			hasScannedForEncodings = 0;
			knownRegions = (
				en,
				Base,
			);
			mainGroup = 40F0E8252716861800CA27C5;
			productRefGroup = 40F0E82F2716861800CA27C5 /* Products */;
			projectDirPath = "";
			projectReferences = (
				{
					ProductGroup = 40F0E8392716864F00CA27C5 /* Products */;
					ProjectRef = 40F0E8382716864F00CA27C5 /* CodableWrapper.xcodeproj */;
				},
			);
			projectRoot = "";
			targets = (
				40F0E82D2716861800CA27C5 /* CodableWrapperPlayground */,
			);
		};
/* End PBXProject section */

/* Begin PBXReferenceProxy section */
		40F0E83E2716864F00CA27C5 /* CodableWrapper.framework */ = {
			isa = PBXReferenceProxy;
			fileType = wrapper.framework;
			path = CodableWrapper.framework;
			remoteRef = 40F0E83D2716864F00CA27C5 /* PBXContainerItemProxy */;
			sourceTree = BUILT_PRODUCTS_DIR;
		};
		40F0E8402716864F00CA27C5 /* CodableWrapperTest.xctest */ = {
			isa = PBXReferenceProxy;
			fileType = wrapper.cfbundle;
			path = CodableWrapperTest.xctest;
			remoteRef = 40F0E83F2716864F00CA27C5 /* PBXContainerItemProxy */;
			sourceTree = BUILT_PRODUCTS_DIR;
		};
/* End PBXReferenceProxy section */

/* Begin PBXSourcesBuildPhase section */
		40F0E82A2716861800CA27C5 /* Sources */ = {
			isa = PBXSourcesBuildPhase;
			buildActionMask = 2147483647;
			files = (
				40F0E8322716861800CA27C5 /* main.swift in Sources */,
			);
			runOnlyForDeploymentPostprocessing = 0;
		};
/* End PBXSourcesBuildPhase section */

/* Begin XCBuildConfiguration section */
		40F0E8332716861800CA27C5 /* Debug */ = {
			isa = XCBuildConfiguration;
			buildSettings = {
				ALWAYS_SEARCH_USER_PATHS = NO;
				CLANG_ANALYZER_NONNULL = YES;
				CLANG_ANALYZER_NUMBER_OBJECT_CONVERSION = YES_AGGRESSIVE;
				CLANG_CXX_LANGUAGE_STANDARD = "gnu++17";
				CLANG_CXX_LIBRARY = "libc++";
				CLANG_ENABLE_MODULES = YES;
				CLANG_ENABLE_OBJC_ARC = YES;
				CLANG_ENABLE_OBJC_WEAK = YES;
				CLANG_WARN_BLOCK_CAPTURE_AUTORELEASING = YES;
				CLANG_WARN_BOOL_CONVERSION = YES;
				CLANG_WARN_COMMA = YES;
				CLANG_WARN_CONSTANT_CONVERSION = YES;
				CLANG_WARN_DEPRECATED_OBJC_IMPLEMENTATIONS = YES;
				CLANG_WARN_DIRECT_OBJC_ISA_USAGE = YES_ERROR;
				CLANG_WARN_DOCUMENTATION_COMMENTS = YES;
				CLANG_WARN_EMPTY_BODY = YES;
				CLANG_WARN_ENUM_CONVERSION = YES;
				CLANG_WARN_INFINITE_RECURSION = YES;
				CLANG_WARN_INT_CONVERSION = YES;
				CLANG_WARN_NON_LITERAL_NULL_CONVERSION = YES;
				CLANG_WARN_OBJC_IMPLICIT_RETAIN_SELF = YES;
				CLANG_WARN_OBJC_LITERAL_CONVERSION = YES;
				CLANG_WARN_OBJC_ROOT_CLASS = YES_ERROR;
				CLANG_WARN_QUOTED_INCLUDE_IN_FRAMEWORK_HEADER = YES;
				CLANG_WARN_RANGE_LOOP_ANALYSIS = YES;
				CLANG_WARN_STRICT_PROTOTYPES = YES;
				CLANG_WARN_SUSPICIOUS_MOVE = YES;
				CLANG_WARN_UNGUARDED_AVAILABILITY = YES_AGGRESSIVE;
				CLANG_WARN_UNREACHABLE_CODE = YES;
				CLANG_WARN__DUPLICATE_METHOD_MATCH = YES;
				COPY_PHASE_STRIP = NO;
				DEBUG_INFORMATION_FORMAT = dwarf;
				ENABLE_STRICT_OBJC_MSGSEND = YES;
				ENABLE_TESTABILITY = YES;
				GCC_C_LANGUAGE_STANDARD = gnu11;
				GCC_DYNAMIC_NO_PIC = NO;
				GCC_NO_COMMON_BLOCKS = YES;
				GCC_OPTIMIZATION_LEVEL = 0;
				GCC_PREPROCESSOR_DEFINITIONS = (
					"DEBUG=1",
					"$(inherited)",
				);
				GCC_WARN_64_TO_32_BIT_CONVERSION = YES;
				GCC_WARN_ABOUT_RETURN_TYPE = YES_ERROR;
				GCC_WARN_UNDECLARED_SELECTOR = YES;
				GCC_WARN_UNINITIALIZED_AUTOS = YES_AGGRESSIVE;
				GCC_WARN_UNUSED_FUNCTION = YES;
				GCC_WARN_UNUSED_VARIABLE = YES;
				MACOSX_DEPLOYMENT_TARGET = 11.3;
				MTL_ENABLE_DEBUG_INFO = INCLUDE_SOURCE;
				MTL_FAST_MATH = YES;
				ONLY_ACTIVE_ARCH = YES;
				SDKROOT = macosx;
				SWIFT_ACTIVE_COMPILATION_CONDITIONS = DEBUG;
				SWIFT_OPTIMIZATION_LEVEL = "-Onone";
			};
			name = Debug;
		};
		40F0E8342716861800CA27C5 /* Release */ = {
			isa = XCBuildConfiguration;
			buildSettings = {
				ALWAYS_SEARCH_USER_PATHS = NO;
				CLANG_ANALYZER_NONNULL = YES;
				CLANG_ANALYZER_NUMBER_OBJECT_CONVERSION = YES_AGGRESSIVE;
				CLANG_CXX_LANGUAGE_STANDARD = "gnu++17";
				CLANG_CXX_LIBRARY = "libc++";
				CLANG_ENABLE_MODULES = YES;
				CLANG_ENABLE_OBJC_ARC = YES;
				CLANG_ENABLE_OBJC_WEAK = YES;
				CLANG_WARN_BLOCK_CAPTURE_AUTORELEASING = YES;
				CLANG_WARN_BOOL_CONVERSION = YES;
				CLANG_WARN_COMMA = YES;
				CLANG_WARN_CONSTANT_CONVERSION = YES;
				CLANG_WARN_DEPRECATED_OBJC_IMPLEMENTATIONS = YES;
				CLANG_WARN_DIRECT_OBJC_ISA_USAGE = YES_ERROR;
				CLANG_WARN_DOCUMENTATION_COMMENTS = YES;
				CLANG_WARN_EMPTY_BODY = YES;
				CLANG_WARN_ENUM_CONVERSION = YES;
				CLANG_WARN_INFINITE_RECURSION = YES;
				CLANG_WARN_INT_CONVERSION = YES;
				CLANG_WARN_NON_LITERAL_NULL_CONVERSION = YES;
				CLANG_WARN_OBJC_IMPLICIT_RETAIN_SELF = YES;
				CLANG_WARN_OBJC_LITERAL_CONVERSION = YES;
				CLANG_WARN_OBJC_ROOT_CLASS = YES_ERROR;
				CLANG_WARN_QUOTED_INCLUDE_IN_FRAMEWORK_HEADER = YES;
				CLANG_WARN_RANGE_LOOP_ANALYSIS = YES;
				CLANG_WARN_STRICT_PROTOTYPES = YES;
				CLANG_WARN_SUSPICIOUS_MOVE = YES;
				CLANG_WARN_UNGUARDED_AVAILABILITY = YES_AGGRESSIVE;
				CLANG_WARN_UNREACHABLE_CODE = YES;
				CLANG_WARN__DUPLICATE_METHOD_MATCH = YES;
				COPY_PHASE_STRIP = NO;
				DEBUG_INFORMATION_FORMAT = "dwarf-with-dsym";
				ENABLE_NS_ASSERTIONS = NO;
				ENABLE_STRICT_OBJC_MSGSEND = YES;
				GCC_C_LANGUAGE_STANDARD = gnu11;
				GCC_NO_COMMON_BLOCKS = YES;
				GCC_WARN_64_TO_32_BIT_CONVERSION = YES;
				GCC_WARN_ABOUT_RETURN_TYPE = YES_ERROR;
				GCC_WARN_UNDECLARED_SELECTOR = YES;
				GCC_WARN_UNINITIALIZED_AUTOS = YES_AGGRESSIVE;
				GCC_WARN_UNUSED_FUNCTION = YES;
				GCC_WARN_UNUSED_VARIABLE = YES;
				MACOSX_DEPLOYMENT_TARGET = 11.3;
				MTL_ENABLE_DEBUG_INFO = NO;
				MTL_FAST_MATH = YES;
				SDKROOT = macosx;
				SWIFT_COMPILATION_MODE = wholemodule;
				SWIFT_OPTIMIZATION_LEVEL = "-O";
			};
			name = Release;
		};
		40F0E8362716861800CA27C5 /* Debug */ = {
			isa = XCBuildConfiguration;
			buildSettings = {
				ALLOW_TARGET_PLATFORM_SPECIALIZATION = YES;
				CODE_SIGN_STYLE = Automatic;
				PRODUCT_NAME = "$(TARGET_NAME)";
				SDKROOT = macosx;
				SUPPORTED_PLATFORMS = macosx;
				SUPPORTS_MACCATALYST = YES;
				SWIFT_VERSION = 5.0;
			};
			name = Debug;
		};
		40F0E8372716861800CA27C5 /* Release */ = {
			isa = XCBuildConfiguration;
			buildSettings = {
				ALLOW_TARGET_PLATFORM_SPECIALIZATION = YES;
				CODE_SIGN_STYLE = Automatic;
				PRODUCT_NAME = "$(TARGET_NAME)";
				SDKROOT = macosx;
				SUPPORTED_PLATFORMS = macosx;
				SUPPORTS_MACCATALYST = YES;
				SWIFT_VERSION = 5.0;
			};
			name = Release;
		};
/* End XCBuildConfiguration section */

/* Begin XCConfigurationList section */
		40F0E8292716861800CA27C5 /* Build configuration list for PBXProject "CodableWrapperPlayground" */ = {
			isa = XCConfigurationList;
			buildConfigurations = (
				40F0E8332716861800CA27C5 /* Debug */,
				40F0E8342716861800CA27C5 /* Release */,
			);
			defaultConfigurationIsVisible = 0;
			defaultConfigurationName = Release;
		};
		40F0E8352716861800CA27C5 /* Build configuration list for PBXNativeTarget "CodableWrapperPlayground" */ = {
			isa = XCConfigurationList;
			buildConfigurations = (
				40F0E8362716861800CA27C5 /* Debug */,
				40F0E8372716861800CA27C5 /* Release */,
			);
			defaultConfigurationIsVisible = 0;
			defaultConfigurationName = Release;
		};
/* End XCConfigurationList section */
	};
	rootObject = 40F0E8262716861800CA27C5 /* Project object */;
}
