// !$*UTF8*$!
{
	archiveVersion = 1;
	classes = {
	};
	objectVersion = 56;
	objects = {

/* Begin PBXBuildFile section */
		84430CD62BBABF4600F33214 /* AppDelegate.swift in Sources */ = {isa = PBXBuildFile; fileRef = 84430CD52BBABF4600F33214 /* AppDelegate.swift */; };
		84430CD82BBABF4600F33214 /* SceneDelegate.swift in Sources */ = {isa = PBXBuildFile; fileRef = 84430CD72BBABF4600F33214 /* SceneDelegate.swift */; };
		84430CDA2BBABF4600F33214 /* ViewController.swift in Sources */ = {isa = PBXBuildFile; fileRef = 84430CD92BBABF4600F33214 /* ViewController.swift */; };
		84430CDD2BBABF4600F33214 /* Main.storyboard in Resources */ = {isa = PBXBuildFile; fileRef = 84430CDB2BBABF4600F33214 /* Main.storyboard */; };
		84430CDF2BBABF4700F33214 /* Assets.xcassets in Resources */ = {isa = PBXBuildFile; fileRef = 84430CDE2BBABF4700F33214 /* Assets.xcassets */; };
		84430CE22BBABF4700F33214 /* LaunchScreen.storyboard in Resources */ = {isa = PBXBuildFile; fileRef = 84430CE02BBABF4700F33214 /* LaunchScreen.storyboard */; };
		BA142EC5CC7BB80454D10450 /* Pods_CodableWrapperDemo.framework in Frameworks */ = {isa = PBXBuildFile; fileRef = F8FA85312824FAE31F4967D4 /* Pods_CodableWrapperDemo.framework */; };
/* End PBXBuildFile section */

/* Begin PBXFileReference section */
		43BC9EC624DA83DF9EFDCE8E /* Pods-CodableWrapperDemo.debug.xcconfig */ = {isa = PBXFileReference; includeInIndex = 1; lastKnownFileType = text.xcconfig; name = "Pods-CodableWrapperDemo.debug.xcconfig"; path = "Target Support Files/Pods-CodableWrapperDemo/Pods-CodableWrapperDemo.debug.xcconfig"; sourceTree = "<group>"; };
		828F1C401F142FD4D4BA157E /* Pods-CodableWrapperDemo.release.xcconfig */ = {isa = PBXFileReference; includeInIndex = 1; lastKnownFileType = text.xcconfig; name = "Pods-CodableWrapperDemo.release.xcconfig"; path = "Target Support Files/Pods-CodableWrapperDemo/Pods-CodableWrapperDemo.release.xcconfig"; sourceTree = "<group>"; };
		84430CD22BBABF4600F33214 /* CodableWrapperDemo.app */ = {isa = PBXFileReference; explicitFileType = wrapper.application; includeInIndex = 0; path = CodableWrapperDemo.app; sourceTree = BUILT_PRODUCTS_DIR; };
		84430CD52BBABF4600F33214 /* AppDelegate.swift */ = {isa = PBXFileReference; lastKnownFileType = sourcecode.swift; path = AppDelegate.swift; sourceTree = "<group>"; };
		84430CD72BBABF4600F33214 /* SceneDelegate.swift */ = {isa = PBXFileReference; lastKnownFileType = sourcecode.swift; path = SceneDelegate.swift; sourceTree = "<group>"; };
		84430CD92BBABF4600F33214 /* ViewController.swift */ = {isa = PBXFileReference; lastKnownFileType = sourcecode.swift; path = ViewController.swift; sourceTree = "<group>"; };
		84430CDC2BBABF4600F33214 /* Base */ = {isa = PBXFileReference; lastKnownFileType = file.storyboard; name = Base; path = Base.lproj/Main.storyboard; sourceTree = "<group>"; };
		84430CDE2BBABF4700F33214 /* Assets.xcassets */ = {isa = PBXFileReference; lastKnownFileType = folder.assetcatalog; path = Assets.xcassets; sourceTree = "<group>"; };
		84430CE12BBABF4700F33214 /* Base */ = {isa = PBXFileReference; lastKnownFileType = file.storyboard; name = Base; path = Base.lproj/LaunchScreen.storyboard; sourceTree = "<group>"; };
		84430CE32BBABF4700F33214 /* Info.plist */ = {isa = PBXFileReference; lastKnownFileType = text.plist.xml; path = Info.plist; sourceTree = "<group>"; };
		F8FA85312824FAE31F4967D4 /* Pods_CodableWrapperDemo.framework */ = {isa = PBXFileReference; explicitFileType = wrapper.framework; includeInIndex = 0; path = Pods_CodableWrapperDemo.framework; sourceTree = BUILT_PRODUCTS_DIR; };
/* End PBXFileReference section */

/* Begin PBXFrameworksBuildPhase section */
		84430CCF2BBABF4600F33214 /* Frameworks */ = {
			isa = PBXFrameworksBuildPhase;
			buildActionMask = 2147483647;
			files = (
				BA142EC5CC7BB80454D10450 /* Pods_CodableWrapperDemo.framework in Frameworks */,
			);
			runOnlyForDeploymentPostprocessing = 0;
		};
/* End PBXFrameworksBuildPhase section */

/* Begin PBXGroup section */
		6880FE13A4F476B49AB294B3 /* Frameworks */ = {
			isa = PBXGroup;
			children = (
				F8FA85312824FAE31F4967D4 /* Pods_CodableWrapperDemo.framework */,
			);
			name = Frameworks;
			sourceTree = "<group>";
		};
		84430CC92BBABF4600F33214 = {
			isa = PBXGroup;
			children = (
				84430CD42BBABF4600F33214 /* CodableWrapperDemo */,
				84430CD32BBABF4600F33214 /* Products */,
				B56D5E7DACBEA875BA488507 /* Pods */,
				6880FE13A4F476B49AB294B3 /* Frameworks */,
			);
			sourceTree = "<group>";
		};
		84430CD32BBABF4600F33214 /* Products */ = {
			isa = PBXGroup;
			children = (
				84430CD22BBABF4600F33214 /* CodableWrapperDemo.app */,
			);
			name = Products;
			sourceTree = "<group>";
		};
		84430CD42BBABF4600F33214 /* CodableWrapperDemo */ = {
			isa = PBXGroup;
			children = (
				84430CD52BBABF4600F33214 /* AppDelegate.swift */,
				84430CD72BBABF4600F33214 /* SceneDelegate.swift */,
				84430CD92BBABF4600F33214 /* ViewController.swift */,
				84430CDB2BBABF4600F33214 /* Main.storyboard */,
				84430CDE2BBABF4700F33214 /* Assets.xcassets */,
				84430CE02BBABF4700F33214 /* LaunchScreen.storyboard */,
				84430CE32BBABF4700F33214 /* Info.plist */,
			);
			path = CodableWrapperDemo;
			sourceTree = "<group>";
		};
		B56D5E7DACBEA875BA488507 /* Pods */ = {
			isa = PBXGroup;
			children = (
				43BC9EC624DA83DF9EFDCE8E /* Pods-CodableWrapperDemo.debug.xcconfig */,
				828F1C401F142FD4D4BA157E /* Pods-CodableWrapperDemo.release.xcconfig */,
			);
			path = Pods;
			sourceTree = "<group>";
		};
/* End PBXGroup section */

/* Begin PBXNativeTarget section */
		84430CD12BBABF4600F33214 /* CodableWrapperDemo */ = {
			isa = PBXNativeTarget;
			buildConfigurationList = 84430CE62BBABF4700F33214 /* Build configuration list for PBXNativeTarget "CodableWrapperDemo" */;
			buildPhases = (
				B94EF44BB223A4DA1AA11DCF /* [CP] Check Pods Manifest.lock */,
				84430CCE2BBABF4600F33214 /* Sources */,
				84430CCF2BBABF4600F33214 /* Frameworks */,
				84430CD02BBABF4600F33214 /* Resources */,
			);
			buildRules = (
			);
			dependencies = (
			);
			name = CodableWrapperDemo;
			productName = CodableWrapperDemo;
			productReference = 84430CD22BBABF4600F33214 /* CodableWrapperDemo.app */;
			productType = "com.apple.product-type.application";
		};
/* End PBXNativeTarget section */

/* Begin PBXProject section */
		84430CCA2BBABF4600F33214 /* Project object */ = {
			isa = PBXProject;
			attributes = {
				BuildIndependentTargetsInParallel = 1;
				LastSwiftUpdateCheck = 1520;
				LastUpgradeCheck = 1520;
				TargetAttributes = {
					84430CD12BBABF4600F33214 = {
						CreatedOnToolsVersion = 15.2;
					};
				};
			};
			buildConfigurationList = 84430CCD2BBABF4600F33214 /* Build configuration list for PBXProject "CodableWrapperDemo" */;
			compatibilityVersion = "Xcode 14.0";
			developmentRegion = en;
			hasScannedForEncodings = 0;
			knownRegions = (
				en,
				Base,
			);
			mainGroup = 84430CC92BBABF4600F33214;
			productRefGroup = 84430CD32BBABF4600F33214 /* Products */;
			projectDirPath = "";
			projectRoot = "";
			targets = (
				84430CD12BBABF4600F33214 /* CodableWrapperDemo */,
			);
		};
/* End PBXProject section */

/* Begin PBXResourcesBuildPhase section */
		84430CD02BBABF4600F33214 /* Resources */ = {
			isa = PBXResourcesBuildPhase;
			buildActionMask = 2147483647;
			files = (
				84430CE22BBABF4700F33214 /* LaunchScreen.storyboard in Resources */,
				84430CDF2BBABF4700F33214 /* Assets.xcassets in Resources */,
				84430CDD2BBABF4600F33214 /* Main.storyboard in Resources */,
			);
			runOnlyForDeploymentPostprocessing = 0;
		};
/* End PBXResourcesBuildPhase section */

/* Begin PBXShellScriptBuildPhase section */
		B94EF44BB223A4DA1AA11DCF /* [CP] Check Pods Manifest.lock */ = {
			isa = PBXShellScriptBuildPhase;
			buildActionMask = 2147483647;
			files = (
			);
			inputFileListPaths = (
			);
			inputPaths = (
				"${PODS_PODFILE_DIR_PATH}/Podfile.lock",
				"${PODS_ROOT}/Manifest.lock",
			);
			name = "[CP] Check Pods Manifest.lock";
			outputFileListPaths = (
			);
			outputPaths = (
				"$(DERIVED_FILE_DIR)/Pods-CodableWrapperDemo-checkManifestLockResult.txt",
			);
			runOnlyForDeploymentPostprocessing = 0;
			shellPath = /bin/sh;
			shellScript = "diff \"${PODS_PODFILE_DIR_PATH}/Podfile.lock\" \"${PODS_ROOT}/Manifest.lock\" > /dev/null\nif [ $? != 0 ] ; then\n    # print error to STDERR\n    echo \"error: The sandbox is not in sync with the Podfile.lock. Run 'pod install' or update your CocoaPods installation.\" >&2\n    exit 1\nfi\n# This output is used by Xcode 'outputs' to avoid re-running this script phase.\necho \"SUCCESS\" > \"${SCRIPT_OUTPUT_FILE_0}\"\n";
			showEnvVarsInLog = 0;
		};
/* End PBXShellScriptBuildPhase section */

/* Begin PBXSourcesBuildPhase section */
		84430CCE2BBABF4600F33214 /* Sources */ = {
			isa = PBXSourcesBuildPhase;
			buildActionMask = 2147483647;
			files = (
				84430CDA2BBABF4600F33214 /* ViewController.swift in Sources */,
				84430CD62BBABF4600F33214 /* AppDelegate.swift in Sources */,
				84430CD82BBABF4600F33214 /* SceneDelegate.swift in Sources */,
			);
			runOnlyForDeploymentPostprocessing = 0;
		};
/* End PBXSourcesBuildPhase section */

/* Begin PBXVariantGroup section */
		84430CDB2BBABF4600F33214 /* Main.storyboard */ = {
			isa = PBXVariantGroup;
			children = (
				84430CDC2BBABF4600F33214 /* Base */,
			);
			name = Main.storyboard;
			sourceTree = "<group>";
		};
		84430CE02BBABF4700F33214 /* LaunchScreen.storyboard */ = {
			isa = PBXVariantGroup;
			children = (
				84430CE12BBABF4700F33214 /* Base */,
			);
			name = LaunchScreen.storyboard;
			sourceTree = "<group>";
		};
/* End PBXVariantGroup section */

/* Begin XCBuildConfiguration section */
		84430CE42BBABF4700F33214 /* Debug */ = {
			isa = XCBuildConfiguration;
			buildSettings = {
				ALWAYS_SEARCH_USER_PATHS = NO;
				ASSETCATALOG_COMPILER_GENERATE_SWIFT_ASSET_SYMBOL_EXTENSIONS = YES;
				CLANG_ANALYZER_NONNULL = YES;
				CLANG_ANALYZER_NUMBER_OBJECT_CONVERSION = YES_AGGRESSIVE;
				CLANG_CXX_LANGUAGE_STANDARD = "gnu++20";
				CLANG_ENABLE_MODULES = YES;
				CLANG_ENABLE_OBJC_ARC = YES;
				CLANG_ENABLE_OBJC_WEAK = YES;
				CLANG_WARN_BLOCK_CAPTURE_AUTORELEASING = YES;
				CLANG_WARN_BOOL_CONVERSION = YES;
				CLANG_WARN_COMMA = YES;
				CLANG_WARN_CONSTANT_CONVERSION = YES;
				CLANG_WARN_DEPRECATED_OBJC_IMPLEMENTATIONS = YES;
				CLANG_WARN_DIRECT_OBJC_ISA_USAGE = YES_ERROR;
				CLANG_WARN_DOCUMENTATION_COMMENTS = YES;
				CLANG_WARN_EMPTY_BODY = YES;
				CLANG_WARN_ENUM_CONVERSION = YES;
				CLANG_WARN_INFINITE_RECURSION = YES;
				CLANG_WARN_INT_CONVERSION = YES;
				CLANG_WARN_NON_LITERAL_NULL_CONVERSION = YES;
				CLANG_WARN_OBJC_IMPLICIT_RETAIN_SELF = YES;
				CLANG_WARN_OBJC_LITERAL_CONVERSION = YES;
				CLANG_WARN_OBJC_ROOT_CLASS = YES_ERROR;
				CLANG_WARN_QUOTED_INCLUDE_IN_FRAMEWORK_HEADER = YES;
				CLANG_WARN_RANGE_LOOP_ANALYSIS = YES;
				CLANG_WARN_STRICT_PROTOTYPES = YES;
				CLANG_WARN_SUSPICIOUS_MOVE = YES;
				CLANG_WARN_UNGUARDED_AVAILABILITY = YES_AGGRESSIVE;
				CLANG_WARN_UNREACHABLE_CODE = YES;
				CLANG_WARN__DUPLICATE_METHOD_MATCH = YES;
				COPY_PHASE_STRIP = NO;
				DEBUG_INFORMATION_FORMAT = dwarf;
				ENABLE_STRICT_OBJC_MSGSEND = YES;
				ENABLE_TESTABILITY = YES;
				ENABLE_USER_SCRIPT_SANDBOXING = YES;
				GCC_C_LANGUAGE_STANDARD = gnu17;
				GCC_DYNAMIC_NO_PIC = NO;
				GCC_NO_COMMON_BLOCKS = YES;
				GCC_OPTIMIZATION_LEVEL = 0;
				GCC_PREPROCESSOR_DEFINITIONS = (
					"DEBUG=1",
					"$(inherited)",
				);
				GCC_WARN_64_TO_32_BIT_CONVERSION = YES;
				GCC_WARN_ABOUT_RETURN_TYPE = YES_ERROR;
				GCC_WARN_UNDECLARED_SELECTOR = YES;
				GCC_WARN_UNINITIALIZED_AUTOS = YES_AGGRESSIVE;
				GCC_WARN_UNUSED_FUNCTION = YES;
				GCC_WARN_UNUSED_VARIABLE = YES;
				IPHONEOS_DEPLOYMENT_TARGET = 17.2;
				LOCALIZATION_PREFERS_STRING_CATALOGS = YES;
				MTL_ENABLE_DEBUG_INFO = INCLUDE_SOURCE;
				MTL_FAST_MATH = YES;
				ONLY_ACTIVE_ARCH = YES;
				SDKROOT = iphoneos;
				SWIFT_ACTIVE_COMPILATION_CONDITIONS = "DEBUG $(inherited)";
				SWIFT_OPTIMIZATION_LEVEL = "-Onone";
			};
			name = Debug;
		};
		84430CE52BBABF4700F33214 /* Release */ = {
			isa = XCBuildConfiguration;
			buildSettings = {
				ALWAYS_SEARCH_USER_PATHS = NO;
				ASSETCATALOG_COMPILER_GENERATE_SWIFT_ASSET_SYMBOL_EXTENSIONS = YES;
				CLANG_ANALYZER_NONNULL = YES;
				CLANG_ANALYZER_NUMBER_OBJECT_CONVERSION = YES_AGGRESSIVE;
				CLANG_CXX_LANGUAGE_STANDARD = "gnu++20";
				CLANG_ENABLE_MODULES = YES;
				CLANG_ENABLE_OBJC_ARC = YES;
				CLANG_ENABLE_OBJC_WEAK = YES;
				CLANG_WARN_BLOCK_CAPTURE_AUTORELEASING = YES;
				CLANG_WARN_BOOL_CONVERSION = YES;
				CLANG_WARN_COMMA = YES;
				CLANG_WARN_CONSTANT_CONVERSION = YES;
				CLANG_WARN_DEPRECATED_OBJC_IMPLEMENTATIONS = YES;
				CLANG_WARN_DIRECT_OBJC_ISA_USAGE = YES_ERROR;
				CLANG_WARN_DOCUMENTATION_COMMENTS = YES;
				CLANG_WARN_EMPTY_BODY = YES;
				CLANG_WARN_ENUM_CONVERSION = YES;
				CLANG_WARN_INFINITE_RECURSION = YES;
				CLANG_WARN_INT_CONVERSION = YES;
				CLANG_WARN_NON_LITERAL_NULL_CONVERSION = YES;
				CLANG_WARN_OBJC_IMPLICIT_RETAIN_SELF = YES;
				CLANG_WARN_OBJC_LITERAL_CONVERSION = YES;
				CLANG_WARN_OBJC_ROOT_CLASS = YES_ERROR;
				CLANG_WARN_QUOTED_INCLUDE_IN_FRAMEWORK_HEADER = YES;
				CLANG_WARN_RANGE_LOOP_ANALYSIS = YES;
				CLANG_WARN_STRICT_PROTOTYPES = YES;
				CLANG_WARN_SUSPICIOUS_MOVE = YES;
				CLANG_WARN_UNGUARDED_AVAILABILITY = YES_AGGRESSIVE;
				CLANG_WARN_UNREACHABLE_CODE = YES;
				CLANG_WARN__DUPLICATE_METHOD_MATCH = YES;
				COPY_PHASE_STRIP = NO;
				DEBUG_INFORMATION_FORMAT = "dwarf-with-dsym";
				ENABLE_NS_ASSERTIONS = NO;
				ENABLE_STRICT_OBJC_MSGSEND = YES;
				ENABLE_USER_SCRIPT_SANDBOXING = YES;
				GCC_C_LANGUAGE_STANDARD = gnu17;
				GCC_NO_COMMON_BLOCKS = YES;
				GCC_WARN_64_TO_32_BIT_CONVERSION = YES;
				GCC_WARN_ABOUT_RETURN_TYPE = YES_ERROR;
				GCC_WARN_UNDECLARED_SELECTOR = YES;
				GCC_WARN_UNINITIALIZED_AUTOS = YES_AGGRESSIVE;
				GCC_WARN_UNUSED_FUNCTION = YES;
				GCC_WARN_UNUSED_VARIABLE = YES;
				IPHONEOS_DEPLOYMENT_TARGET = 17.2;
				LOCALIZATION_PREFERS_STRING_CATALOGS = YES;
				MTL_ENABLE_DEBUG_INFO = NO;
				MTL_FAST_MATH = YES;
				SDKROOT = iphoneos;
				SWIFT_COMPILATION_MODE = wholemodule;
				VALIDATE_PRODUCT = YES;
			};
			name = Release;
		};
		84430CE72BBABF4700F33214 /* Debug */ = {
			isa = XCBuildConfiguration;
			baseConfigurationReference = 43BC9EC624DA83DF9EFDCE8E /* Pods-CodableWrapperDemo.debug.xcconfig */;
			buildSettings = {
				ASSETCATALOG_COMPILER_APPICON_NAME = AppIcon;
				ASSETCATALOG_COMPILER_GLOBAL_ACCENT_COLOR_NAME = AccentColor;
				CODE_SIGN_STYLE = Automatic;
				CURRENT_PROJECT_VERSION = 1;
				DEVELOPMENT_TEAM = 3BS29UWM42;
				EXCLUDED_ARCHS = arm64;
				GENERATE_INFOPLIST_FILE = YES;
				INFOPLIST_FILE = CodableWrapperDemo/Info.plist;
				INFOPLIST_KEY_UIApplicationSupportsIndirectInputEvents = YES;
				INFOPLIST_KEY_UILaunchStoryboardName = LaunchScreen;
				INFOPLIST_KEY_UIMainStoryboardFile = Main;
				INFOPLIST_KEY_UISupportedInterfaceOrientations_iPad = "UIInterfaceOrientationPortrait UIInterfaceOrientationPortraitUpsideDown UIInterfaceOrientationLandscapeLeft UIInterfaceOrientationLandscapeRight";
				INFOPLIST_KEY_UISupportedInterfaceOrientations_iPhone = "UIInterfaceOrientationPortrait UIInterfaceOrientationLandscapeLeft UIInterfaceOrientationLandscapeRight";
				LD_RUNPATH_SEARCH_PATHS = (
					"$(inherited)",
					"@executable_path/Frameworks",
				);
				MARKETING_VERSION = 1.0;
				PRODUCT_BUNDLE_IDENTIFIER = com.bauklotze.CodableWrapperDemo;
				PRODUCT_NAME = "$(TARGET_NAME)";
				SWIFT_EMIT_LOC_STRINGS = YES;
				SWIFT_VERSION = 5.0;
				TARGETED_DEVICE_FAMILY = "1,2";
			};
			name = Debug;
		};
		84430CE82BBABF4700F33214 /* Release */ = {
			isa = XCBuildConfiguration;
			baseConfigurationReference = 828F1C401F142FD4D4BA157E /* Pods-CodableWrapperDemo.release.xcconfig */;
			buildSettings = {
				ASSETCATALOG_COMPILER_APPICON_NAME = AppIcon;
				ASSETCATALOG_COMPILER_GLOBAL_ACCENT_COLOR_NAME = AccentColor;
				CODE_SIGN_STYLE = Automatic;
				CURRENT_PROJECT_VERSION = 1;
				DEVELOPMENT_TEAM = 3BS29UWM42;
				EXCLUDED_ARCHS = arm64;
				GENERATE_INFOPLIST_FILE = YES;
				INFOPLIST_FILE = CodableWrapperDemo/Info.plist;
				INFOPLIST_KEY_UIApplicationSupportsIndirectInputEvents = YES;
				INFOPLIST_KEY_UILaunchStoryboardName = LaunchScreen;
				INFOPLIST_KEY_UIMainStoryboardFile = Main;
				INFOPLIST_KEY_UISupportedInterfaceOrientations_iPad = "UIInterfaceOrientationPortrait UIInterfaceOrientationPortraitUpsideDown UIInterfaceOrientationLandscapeLeft UIInterfaceOrientationLandscapeRight";
				INFOPLIST_KEY_UISupportedInterfaceOrientations_iPhone = "UIInterfaceOrientationPortrait UIInterfaceOrientationLandscapeLeft UIInterfaceOrientationLandscapeRight";
				LD_RUNPATH_SEARCH_PATHS = (
					"$(inherited)",
					"@executable_path/Frameworks",
				);
				MARKETING_VERSION = 1.0;
				PRODUCT_BUNDLE_IDENTIFIER = com.bauklotze.CodableWrapperDemo;
				PRODUCT_NAME = "$(TARGET_NAME)";
				SWIFT_EMIT_LOC_STRINGS = YES;
				SWIFT_VERSION = 5.0;
				TARGETED_DEVICE_FAMILY = "1,2";
			};
			name = Release;
		};
/* End XCBuildConfiguration section */

/* Begin XCConfigurationList section */
		84430CCD2BBABF4600F33214 /* Build configuration list for PBXProject "CodableWrapperDemo" */ = {
			isa = XCConfigurationList;
			buildConfigurations = (
				84430CE42BBABF4700F33214 /* Debug */,
				84430CE52BBABF4700F33214 /* Release */,
			);
			defaultConfigurationIsVisible = 0;
			defaultConfigurationName = Release;
		};
		84430CE62BBABF4700F33214 /* Build configuration list for PBXNativeTarget "CodableWrapperDemo" */ = {
			isa = XCConfigurationList;
			buildConfigurations = (
				84430CE72BBABF4700F33214 /* Debug */,
				84430CE82BBABF4700F33214 /* Release */,
			);
			defaultConfigurationIsVisible = 0;
			defaultConfigurationName = Release;
		};
/* End XCConfigurationList section */
	};
	rootObject = 84430CCA2BBABF4600F33214 /* Project object */;
}
